
Microsoft Visual Studio Solution File, Format Version 12.00
# Visual Studio Version 16
VisualStudioVersion = 16.0.30114.105
MinimumVisualStudioVersion = 10.0.40219.1
Project("{9A19103F-16F7-4668-BE54-9A1E7A4F7556}") = "MoyskleyTech.LINQToSQL", "MoyskleyTech.LINQToSQL\MoyskleyTech.LINQToSQL.csproj", "{743864B0-AE3F-477C-B407-B2397996849E}"
EndProject
Project("{2150E333-8FDC-42A3-9474-1A3956D46DE8}") = "Solution Items", "Solution Items", "{6D1F257E-9054-49C7-85DA-04697F05D1B6}"
	ProjectSection(SolutionItems) = preProject
		.gitignore = .gitignore
		LICENSE = LICENSE
		logo.png = logo.png
		publish-packages.ps1 = publish-packages.ps1
		README.md = README.md
	EndProjectSection
EndProject
Project("{9A19103F-16F7-4668-BE54-9A1E7A4F7556}") = "MoyskleyTech.LINQToSQL.Mysql", "MoyskleyTech.LINQToSQL.Mysql\MoyskleyTech.LINQToSQL.Mysql.csproj", "{E61A4F74-ABE8-4249-A6BB-04A85BDBD8F8}"
EndProject
Project("{9A19103F-16F7-4668-BE54-9A1E7A4F7556}") = "MoyskleyTech.LINQToSQL.SQLite", "MoyskleyTech.LINQToSQL.SQLite\MoyskleyTech.LINQToSQL.SQLite.csproj", "{C122001E-F825-4B48-82EF-2B6A22AD8B4B}"
EndProject
Project("{9A19103F-16F7-4668-BE54-9A1E7A4F7556}") = "MoyskleyTech.LINQToSQL.Data", "MoyskleyTech.LINQToSQL.Data\MoyskleyTech.LINQToSQL.Data.csproj", "{5C2D5708-54FD-41D3-B01D-F11CD6D3F095}"
EndProject
Project("{FAE04EC0-301F-11D3-BF4B-00C04F79EFBC}") = "UnitTest", "UnitTest\UnitTest.csproj", "{435994CA-FECE-43B4-BDDE-AEE76CAA33CB}"
EndProject
Global
	GlobalSection(SolutionConfigurationPlatforms) = preSolution
		Debug|Any CPU = Debug|Any CPU
		Release|Any CPU = Release|Any CPU
	EndGlobalSection
	GlobalSection(ProjectConfigurationPlatforms) = postSolution
		{743864B0-AE3F-477C-B407-B2397996849E}.Debug|Any CPU.ActiveCfg = Debug|Any CPU
		{743864B0-AE3F-477C-B407-B2397996849E}.Debug|Any CPU.Build.0 = Debug|Any CPU
		{743864B0-AE3F-477C-B407-B2397996849E}.Release|Any CPU.ActiveCfg = Release|Any CPU
		{743864B0-AE3F-477C-B407-B2397996849E}.Release|Any CPU.Build.0 = Release|Any CPU
		{E61A4F74-ABE8-4249-A6BB-04A85BDBD8F8}.Debug|Any CPU.ActiveCfg = Debug|Any CPU
		{E61A4F74-ABE8-4249-A6BB-04A85BDBD8F8}.Debug|Any CPU.Build.0 = Debug|Any CPU
		{E61A4F74-ABE8-4249-A6BB-04A85BDBD8F8}.Release|Any CPU.ActiveCfg = Release|Any CPU
		{E61A4F74-ABE8-4249-A6BB-04A85BDBD8F8}.Release|Any CPU.Build.0 = Release|Any CPU
		{C122001E-F825-4B48-82EF-2B6A22AD8B4B}.Debug|Any CPU.ActiveCfg = Debug|Any CPU
		{C122001E-F825-4B48-82EF-2B6A22AD8B4B}.Debug|Any CPU.Build.0 = Debug|Any CPU
		{C122001E-F825-4B48-82EF-2B6A22AD8B4B}.Release|Any CPU.ActiveCfg = Release|Any CPU
		{C122001E-F825-4B48-82EF-2B6A22AD8B4B}.Release|Any CPU.Build.0 = Release|Any CPU
		{5C2D5708-54FD-41D3-B01D-F11CD6D3F095}.Debug|Any CPU.ActiveCfg = Debug|Any CPU
		{5C2D5708-54FD-41D3-B01D-F11CD6D3F095}.Debug|Any CPU.Build.0 = Debug|Any CPU
		{5C2D5708-54FD-41D3-B01D-F11CD6D3F095}.Release|Any CPU.ActiveCfg = Release|Any CPU
		{5C2D5708-54FD-41D3-B01D-F11CD6D3F095}.Release|Any CPU.Build.0 = Release|Any CPU
		{435994CA-FECE-43B4-BDDE-AEE76CAA33CB}.Debug|Any CPU.ActiveCfg = Debug|Any CPU
		{435994CA-FECE-43B4-BDDE-AEE76CAA33CB}.Debug|Any CPU.Build.0 = Debug|Any CPU
		{435994CA-FECE-43B4-BDDE-AEE76CAA33CB}.Release|Any CPU.ActiveCfg = Release|Any CPU
		{435994CA-FECE-43B4-BDDE-AEE76CAA33CB}.Release|Any CPU.Build.0 = Release|Any CPU
	EndGlobalSection
	GlobalSection(SolutionProperties) = preSolution
		HideSolutionNode = FALSE
	EndGlobalSection
	GlobalSection(ExtensibilityGlobals) = postSolution
		SolutionGuid = {5890E23B-AB44-4221-8F13-60F2AE66DE71}
	EndGlobalSection
EndGlobal
